
Microsoft Visual Studio Solution File, Format Version 12.00
# Visual Studio Version 17
VisualStudioVersion = 17.10.35027.167
MinimumVisualStudioVersion = 10.0.40219.1
Project("{FAE04EC0-301F-11D3-BF4B-00C04F79EFBC}") = "Game_of_Life", "Game_of_Life\Game_of_Life.csproj", "{0502C276-BB83-40FB-B87A-A4BA84229A20}"
EndProject
Global
	GlobalSection(SolutionConfigurationPlatforms) = preSolution
		Debug|Any CPU = Debug|Any CPU
		Release|Any CPU = Release|Any CPU
	EndGlobalSection
	GlobalSection(ProjectConfigurationPlatforms) = postSolution
		{0502C276-BB83-40FB-B87A-A4BA84229A20}.Debug|Any CPU.ActiveCfg = Debug|Any CPU
		{0502C276-BB83-40FB-B87A-A4BA84229A20}.Debug|Any CPU.Build.0 = Debug|Any CPU
		{0502C276-BB83-40FB-B87A-A4BA84229A20}.Release|Any CPU.ActiveCfg = Release|Any CPU
		{0502C276-BB83-40FB-B87A-A4BA84229A20}.Release|Any CPU.Build.0 = Release|Any CPU
	EndGlobalSection
	GlobalSection(SolutionProperties) = preSolution
		HideSolutionNode = FALSE
	EndGlobalSection
	GlobalSection(ExtensibilityGlobals) = postSolution
		SolutionGuid = {54082BD5-B73F-4AF4-BF96-B25A4608CE9F}
	EndGlobalSection
EndGlobal
